
Microsoft Visual Studio Solution File, Format Version 12.00
# Visual Studio Version 16
VisualStudioVersion = 25.0.1705.2
MinimumVisualStudioVersion = 10.0.40219.1
Project("{FAE04EC0-301F-11D3-BF4B-00C04F79EFBC}") = "MediaElementTest", "MediaElementTest.csproj", "{06EB0C1B-C360-4BA6-9BC6-C015D86AE3F0}"
EndProject
Global
	GlobalSection(SolutionConfigurationPlatforms) = preSolution
		Debug|Any CPU = Debug|Any CPU
		Release|Any CPU = Release|Any CPU
	EndGlobalSection
	GlobalSection(ProjectConfigurationPlatforms) = postSolution
		{06EB0C1B-C360-4BA6-9BC6-C015D86AE3F0}.Debug|Any CPU.ActiveCfg = Debug|Any CPU
		{06EB0C1B-C360-4BA6-9BC6-C015D86AE3F0}.Debug|Any CPU.Build.0 = Debug|Any CPU
		{06EB0C1B-C360-4BA6-9BC6-C015D86AE3F0}.Release|Any CPU.ActiveCfg = Release|Any CPU
		{06EB0C1B-C360-4BA6-9BC6-C015D86AE3F0}.Release|Any CPU.Build.0 = Release|Any CPU
	EndGlobalSection
	GlobalSection(SolutionProperties) = preSolution
		HideSolutionNode = FALSE
	EndGlobalSection
	GlobalSection(ExtensibilityGlobals) = postSolution
		SolutionGuid = {989249CF-2D22-416E-A6B6-01E7DD26F412}
	EndGlobalSection
EndGlobal
